PODS:
  - Differentiator (4.0.1)
  - RxCocoa (5.1.3):
    - RxRelay (~> 5)
    - RxSwift (~> 5)
  - RxDataSources (4.0.1):
    - Differentiator (~> 4.0)
    - RxCocoa (~> 5.0)
    - RxSwift (~> 5.0)
  - RxRelay (5.1.3):
    - RxSwift (~> 5)
  - RxSwift (5.1.3)
  - shared (1.0)
  - SnapKit (5.6.0)
  - Swinject (2.8.1)

DEPENDENCIES:
  - RxCocoa
  - RxDataSources
  - RxSwift
  - shared (from `../shared`)
  - SnapKit (~> 5.6.0)
  - Swinject

SPEC REPOS:
  trunk:
    - Differentiator
    - RxCocoa
    - RxDataSources
    - RxRelay
    - RxSwift
    - SnapKit
    - Swinject

EXTERNAL SOURCES:
  shared:
    :path: "../shared"

SPEC CHECKSUMS:
  Differentiator: 886080237d9f87f322641dedbc5be257061b0602
  RxCocoa: e2ed092d5432e4296aa818021d27de4090ac0354
  RxDataSources: efee07fa4de48477eca0a4611e6d11e2da9c1114
  RxRelay: 5a18c2eb2d68326ebaf0112f80d837ae41b92b97
  RxSwift: 915abbdfb62214aa89ccd0b194d44fb478019b27
  shared: d73db980a164f57a7308d847080cfe44d8731a09
  SnapKit: e01d52ebb8ddbc333eefe2132acf85c8227d9c25
  Swinject: 97112918bd7e0785dc2df7036213f3c8cbba6586

PODFILE CHECKSUM: ac273a6be0aed8d376954506e918980836b61ac8

COCOAPODS: 1.11.3
