PODS:
  - RxCocoa (6.5.0):
    - RxRelay (= 6.5.0)
    - RxSwift (= 6.5.0)
  - RxRelay (6.5.0):
    - RxSwift (= 6.5.0)
  - RxSwift (6.5.0)
  - shared (1.0)
  - SnapKit (5.6.0)
  - Swinject (2.8.3)

DEPENDENCIES:
  - RxCocoa
  - RxSwift
  - shared (from `../shared`)
  - SnapKit (~> 5.6.0)
  - Swinject

SPEC REPOS:
  trunk:
    - RxCocoa
    - RxRelay
    - RxSwift
    - SnapKit
    - Swinject

EXTERNAL SOURCES:
  shared:
    :path: "../shared"

SPEC CHECKSUMS:
  RxCocoa: 94f817b71c07517321eb4f9ad299112ca8af743b
  RxRelay: 1de1523e604c72b6c68feadedd1af3b1b4d0ecbd
  RxSwift: 5710a9e6b17f3c3d6e40d6e559b9fa1e813b2ef8
  shared: d73db980a164f57a7308d847080cfe44d8731a09
  SnapKit: e01d52ebb8ddbc333eefe2132acf85c8227d9c25
  Swinject: 893c9a543000ac2f10ee4cbaf0933c6992c935d5

PODFILE CHECKSUM: 40681758daf843d85c9de8de6c689262f048641f

COCOAPODS: 1.11.3
